
Microsoft Visual Studio Solution File, Format Version 12.00
# Visual Studio 15
Project("{FAE04EC0-301F-11D3-BF4B-00C04F79EFBC}") = "Assembly-CSharp", "Assembly-CSharp.csproj", "{24403CE2-0F07-1F7D-0CD1-0C2F010C4390}"
EndProject
Project("{FAE04EC0-301F-11D3-BF4B-00C04F79EFBC}") = "Assembly-CSharp-Editor", "Assembly-CSharp-Editor.csproj", "{B0081ED3-E1CF-C501-B670-C6D5F353EC68}"
EndProject
Global
	GlobalSection(SolutionConfigurationPlatforms) = preSolution
		Debug|Any CPU = Debug|Any CPU
		Release|Any CPU = Release|Any CPU
	EndGlobalSection
	GlobalSection(ProjectConfigurationPlatforms) = postSolution
		{24403CE2-0F07-1F7D-0CD1-0C2F010C4390}.Debug|Any CPU.ActiveCfg = Debug|Any CPU
		{24403CE2-0F07-1F7D-0CD1-0C2F010C4390}.Debug|Any CPU.Build.0 = Debug|Any CPU
		{24403CE2-0F07-1F7D-0CD1-0C2F010C4390}.Release|Any CPU.ActiveCfg = Release|Any CPU
		{24403CE2-0F07-1F7D-0CD1-0C2F010C4390}.Release|Any CPU.Build.0 = Release|Any CPU
		{B0081ED3-E1CF-C501-B670-C6D5F353EC68}.Debug|Any CPU.ActiveCfg = Debug|Any CPU
		{B0081ED3-E1CF-C501-B670-C6D5F353EC68}.Debug|Any CPU.Build.0 = Debug|Any CPU
		{B0081ED3-E1CF-C501-B670-C6D5F353EC68}.Release|Any CPU.ActiveCfg = Release|Any CPU
		{B0081ED3-E1CF-C501-B670-C6D5F353EC68}.Release|Any CPU.Build.0 = Release|Any CPU
	EndGlobalSection
	GlobalSection(SolutionProperties) = preSolution
		HideSolutionNode = FALSE
	EndGlobalSection
EndGlobal
